
Microsoft Visual Studio Solution File, Format Version 12.00
Project("{2150E333-8FDC-42A3-9474-1A3956D46DE8}") = "Order", "Order", "{19ACF214-B9D8-4471-9C99-7DADAA39B03C}"
EndProject
Project("{2150E333-8FDC-42A3-9474-1A3956D46DE8}") = "Authentication", "Authentication", "{CB29BC81-0DE5-4C24-B582-4554D02C9DDD}"
EndProject
Project("{2150E333-8FDC-42A3-9474-1A3956D46DE8}") = "Promotion", "Promotion", "{0127700C-319E-4963-A839-2208E54E19B8}"
EndProject
Project("{2150E333-8FDC-42A3-9474-1A3956D46DE8}") = "Review", "Review", "{DDB6E5BA-777D-49F1-9020-60E18091FF35}"
EndProject
Project("{2150E333-8FDC-42A3-9474-1A3956D46DE8}") = "Shipping", "Shipping", "{FECE7B4E-7EED-44A6-A989-59CBAD9343E3}"
EndProject
Project("{2150E333-8FDC-42A3-9474-1A3956D46DE8}") = "Catalog", "Catalog", "{5CB7FD66-A7D5-4EBF-BF7D-E757E55EF079}"
EndProject
Project("{FAE04EC0-301F-11D3-BF4B-00C04F79EFBC}") = "ApplicationCore", "src\Services\Review\ApplicationCore\ApplicationCore.csproj", "{6840E59C-1DB7-4768-812E-FADEEDB94EC6}"
EndProject
Project("{FAE04EC0-301F-11D3-BF4B-00C04F79EFBC}") = "ApplicationCore", "src\Services\Shipping\ApplicationCore\ApplicationCore.csproj", "{D8A40760-B5E9-41DC-940D-619C4E1FF6B5}"
EndProject
Project("{FAE04EC0-301F-11D3-BF4B-00C04F79EFBC}") = "OrderAPI", "src\Services\Order\OrderAPI\OrderAPI.csproj", "{B0B58342-E663-4FBC-AFA0-1A3AD3C25DE8}"
EndProject
Project("{FAE04EC0-301F-11D3-BF4B-00C04F79EFBC}") = "ApplicationCore", "src\Services\Order\ApplicationCore\ApplicationCore.csproj", "{4B40678B-48D8-4B6D-88A0-EFE729702FDF}"
EndProject
Project("{FAE04EC0-301F-11D3-BF4B-00C04F79EFBC}") = "ApplicationCore", "src\Services\Catalog\ApplicationCore\ApplicationCore.csproj", "{4C9E547E-5CD7-4E3B-BE8D-7F56CC5FF6E8}"
EndProject
Project("{FAE04EC0-301F-11D3-BF4B-00C04F79EFBC}") = "Infra", "src\Services\Order\Infra\Infra.csproj", "{EA9CBDA3-8AF8-49C0-ABFF-00E73F1F1072}"
EndProject
Project("{FAE04EC0-301F-11D3-BF4B-00C04F79EFBC}") = "ApplicationCore", "src\Services\Promotion\ApplicationCore\ApplicationCore.csproj", "{AD412D2A-1D30-490D-9B80-E04E3F619AD9}"
EndProject
Project("{FAE04EC0-301F-11D3-BF4B-00C04F79EFBC}") = "Infra", "src\Services\Promotion\Infra\Infra.csproj", "{F7E784E2-6040-41EC-B465-BCD53C5196CB}"
EndProject
Project("{FAE04EC0-301F-11D3-BF4B-00C04F79EFBC}") = "Infra", "src\Services\Review\Infra\Infra.csproj", "{4CEC1B79-C6C8-4F44-AB68-3EBB72783DB4}"
EndProject
Project("{FAE04EC0-301F-11D3-BF4B-00C04F79EFBC}") = "Infra", "src\Services\Shipping\Infra\Infra.csproj", "{ACE8362F-06DB-4497-B688-4BA86EE4EBAF}"
EndProject
Project("{FAE04EC0-301F-11D3-BF4B-00C04F79EFBC}") = "Infra", "src\Services\Catalog\Infra\Infra.csproj", "{0BAA4065-C148-4E6A-8D7E-A9CB4E2BBBD7}"
EndProject
Project("{FAE04EC0-301F-11D3-BF4B-00C04F79EFBC}") = "ShippingAPI", "src\Services\Shipping\ShippingAPI\ShippingAPI.csproj", "{23224738-A744-41D1-98F3-B5FE668C0985}"
EndProject
Global
	GlobalSection(SolutionConfigurationPlatforms) = preSolution
		Debug|Any CPU = Debug|Any CPU
		Release|Any CPU = Release|Any CPU
	EndGlobalSection
	GlobalSection(ProjectConfigurationPlatforms) = postSolution
		{6840E59C-1DB7-4768-812E-FADEEDB94EC6}.Debug|Any CPU.ActiveCfg = Debug|Any CPU
		{6840E59C-1DB7-4768-812E-FADEEDB94EC6}.Debug|Any CPU.Build.0 = Debug|Any CPU
		{6840E59C-1DB7-4768-812E-FADEEDB94EC6}.Release|Any CPU.ActiveCfg = Release|Any CPU
		{6840E59C-1DB7-4768-812E-FADEEDB94EC6}.Release|Any CPU.Build.0 = Release|Any CPU
		{D8A40760-B5E9-41DC-940D-619C4E1FF6B5}.Debug|Any CPU.ActiveCfg = Debug|Any CPU
		{D8A40760-B5E9-41DC-940D-619C4E1FF6B5}.Debug|Any CPU.Build.0 = Debug|Any CPU
		{D8A40760-B5E9-41DC-940D-619C4E1FF6B5}.Release|Any CPU.ActiveCfg = Release|Any CPU
		{D8A40760-B5E9-41DC-940D-619C4E1FF6B5}.Release|Any CPU.Build.0 = Release|Any CPU
		{B0B58342-E663-4FBC-AFA0-1A3AD3C25DE8}.Debug|Any CPU.ActiveCfg = Debug|Any CPU
		{B0B58342-E663-4FBC-AFA0-1A3AD3C25DE8}.Debug|Any CPU.Build.0 = Debug|Any CPU
		{B0B58342-E663-4FBC-AFA0-1A3AD3C25DE8}.Release|Any CPU.ActiveCfg = Release|Any CPU
		{B0B58342-E663-4FBC-AFA0-1A3AD3C25DE8}.Release|Any CPU.Build.0 = Release|Any CPU
		{4B40678B-48D8-4B6D-88A0-EFE729702FDF}.Debug|Any CPU.ActiveCfg = Debug|Any CPU
		{4B40678B-48D8-4B6D-88A0-EFE729702FDF}.Debug|Any CPU.Build.0 = Debug|Any CPU
		{4B40678B-48D8-4B6D-88A0-EFE729702FDF}.Release|Any CPU.ActiveCfg = Release|Any CPU
		{4B40678B-48D8-4B6D-88A0-EFE729702FDF}.Release|Any CPU.Build.0 = Release|Any CPU
		{4C9E547E-5CD7-4E3B-BE8D-7F56CC5FF6E8}.Debug|Any CPU.ActiveCfg = Debug|Any CPU
		{4C9E547E-5CD7-4E3B-BE8D-7F56CC5FF6E8}.Debug|Any CPU.Build.0 = Debug|Any CPU
		{4C9E547E-5CD7-4E3B-BE8D-7F56CC5FF6E8}.Release|Any CPU.ActiveCfg = Release|Any CPU
		{4C9E547E-5CD7-4E3B-BE8D-7F56CC5FF6E8}.Release|Any CPU.Build.0 = Release|Any CPU
		{EA9CBDA3-8AF8-49C0-ABFF-00E73F1F1072}.Debug|Any CPU.ActiveCfg = Debug|Any CPU
		{EA9CBDA3-8AF8-49C0-ABFF-00E73F1F1072}.Debug|Any CPU.Build.0 = Debug|Any CPU
		{EA9CBDA3-8AF8-49C0-ABFF-00E73F1F1072}.Release|Any CPU.ActiveCfg = Release|Any CPU
		{EA9CBDA3-8AF8-49C0-ABFF-00E73F1F1072}.Release|Any CPU.Build.0 = Release|Any CPU
		{AD412D2A-1D30-490D-9B80-E04E3F619AD9}.Debug|Any CPU.ActiveCfg = Debug|Any CPU
		{AD412D2A-1D30-490D-9B80-E04E3F619AD9}.Debug|Any CPU.Build.0 = Debug|Any CPU
		{AD412D2A-1D30-490D-9B80-E04E3F619AD9}.Release|Any CPU.ActiveCfg = Release|Any CPU
		{AD412D2A-1D30-490D-9B80-E04E3F619AD9}.Release|Any CPU.Build.0 = Release|Any CPU
		{F7E784E2-6040-41EC-B465-BCD53C5196CB}.Debug|Any CPU.ActiveCfg = Debug|Any CPU
		{F7E784E2-6040-41EC-B465-BCD53C5196CB}.Debug|Any CPU.Build.0 = Debug|Any CPU
		{F7E784E2-6040-41EC-B465-BCD53C5196CB}.Release|Any CPU.ActiveCfg = Release|Any CPU
		{F7E784E2-6040-41EC-B465-BCD53C5196CB}.Release|Any CPU.Build.0 = Release|Any CPU
		{4CEC1B79-C6C8-4F44-AB68-3EBB72783DB4}.Debug|Any CPU.ActiveCfg = Debug|Any CPU
		{4CEC1B79-C6C8-4F44-AB68-3EBB72783DB4}.Debug|Any CPU.Build.0 = Debug|Any CPU
		{4CEC1B79-C6C8-4F44-AB68-3EBB72783DB4}.Release|Any CPU.ActiveCfg = Release|Any CPU
		{4CEC1B79-C6C8-4F44-AB68-3EBB72783DB4}.Release|Any CPU.Build.0 = Release|Any CPU
		{ACE8362F-06DB-4497-B688-4BA86EE4EBAF}.Debug|Any CPU.ActiveCfg = Debug|Any CPU
		{ACE8362F-06DB-4497-B688-4BA86EE4EBAF}.Debug|Any CPU.Build.0 = Debug|Any CPU
		{ACE8362F-06DB-4497-B688-4BA86EE4EBAF}.Release|Any CPU.ActiveCfg = Release|Any CPU
		{ACE8362F-06DB-4497-B688-4BA86EE4EBAF}.Release|Any CPU.Build.0 = Release|Any CPU
		{0BAA4065-C148-4E6A-8D7E-A9CB4E2BBBD7}.Debug|Any CPU.ActiveCfg = Debug|Any CPU
		{0BAA4065-C148-4E6A-8D7E-A9CB4E2BBBD7}.Debug|Any CPU.Build.0 = Debug|Any CPU
		{0BAA4065-C148-4E6A-8D7E-A9CB4E2BBBD7}.Release|Any CPU.ActiveCfg = Release|Any CPU
		{0BAA4065-C148-4E6A-8D7E-A9CB4E2BBBD7}.Release|Any CPU.Build.0 = Release|Any CPU
		{23224738-A744-41D1-98F3-B5FE668C0985}.Debug|Any CPU.ActiveCfg = Debug|Any CPU
		{23224738-A744-41D1-98F3-B5FE668C0985}.Debug|Any CPU.Build.0 = Debug|Any CPU
		{23224738-A744-41D1-98F3-B5FE668C0985}.Release|Any CPU.ActiveCfg = Release|Any CPU
		{23224738-A744-41D1-98F3-B5FE668C0985}.Release|Any CPU.Build.0 = Release|Any CPU
	EndGlobalSection
	GlobalSection(NestedProjects) = preSolution
		{6840E59C-1DB7-4768-812E-FADEEDB94EC6} = {DDB6E5BA-777D-49F1-9020-60E18091FF35}
		{D8A40760-B5E9-41DC-940D-619C4E1FF6B5} = {FECE7B4E-7EED-44A6-A989-59CBAD9343E3}
		{B0B58342-E663-4FBC-AFA0-1A3AD3C25DE8} = {19ACF214-B9D8-4471-9C99-7DADAA39B03C}
		{4B40678B-48D8-4B6D-88A0-EFE729702FDF} = {19ACF214-B9D8-4471-9C99-7DADAA39B03C}
		{4C9E547E-5CD7-4E3B-BE8D-7F56CC5FF6E8} = {5CB7FD66-A7D5-4EBF-BF7D-E757E55EF079}
		{EA9CBDA3-8AF8-49C0-ABFF-00E73F1F1072} = {19ACF214-B9D8-4471-9C99-7DADAA39B03C}
		{AD412D2A-1D30-490D-9B80-E04E3F619AD9} = {0127700C-319E-4963-A839-2208E54E19B8}
		{F7E784E2-6040-41EC-B465-BCD53C5196CB} = {0127700C-319E-4963-A839-2208E54E19B8}
		{4CEC1B79-C6C8-4F44-AB68-3EBB72783DB4} = {DDB6E5BA-777D-49F1-9020-60E18091FF35}
		{ACE8362F-06DB-4497-B688-4BA86EE4EBAF} = {FECE7B4E-7EED-44A6-A989-59CBAD9343E3}
		{0BAA4065-C148-4E6A-8D7E-A9CB4E2BBBD7} = {5CB7FD66-A7D5-4EBF-BF7D-E757E55EF079}
		{23224738-A744-41D1-98F3-B5FE668C0985} = {FECE7B4E-7EED-44A6-A989-59CBAD9343E3}
	EndGlobalSection
EndGlobal
